{
	"name": "class_schedule",
	"version": "1.0.0",
	"lockfileVersion": 3,
	"requires": true,
	"packages": {
		"": {
			"name": "class_schedule",
			"version": "1.0.0",
			"devDependencies": {
				"typescript": "^5.3.3",
				"undici-types": "^6.5.0"
			}
		},
		"node_modules/typescript": {
			"version": "5.3.3",
			"resolved": "https://registry.npmjs.org/typescript/-/typescript-5.3.3.tgz",
			"integrity": "sha512-pXWcraxM0uxAS+tN0AG/BF2TyqmHO014Z070UsJ+pFvYuRSq8KH8DmWpnbXe0pEPDHXZV3FcAbJkijJ5oNEnWw==",
			"dev": true,
			"bin": {
				"tsc": "bin/tsc",
				"tsserver": "bin/tsserver"
			},
			"engines": {
				"node": ">=14.17"
			}
		},
		"node_modules/undici-types": {
			"version": "6.5.0",
			"resolved": "https://registry.npmjs.org/undici-types/-/undici-types-6.5.0.tgz",
			"integrity": "sha512-j+GtfW/Ce3WnWiiL9mWfvg5kM//OaW0YsSoE+xe8Z/72cmpHK0uC1kSx3sHl1b0fTzOSYpnLYTsG1ZEieSiJqw==",
			"dev": true
		}
	}
}
